{
  "name": "unlode-example",
  "version": "1.0.0",
  "lockfileVersion": 2,
  "requires": true,
  "packages": {
    "": {
      "version": "1.0.0",
      "license": "ISC",
      "dependencies": {
        "unlode": "github:GeekyDeaks/unlode"
      }
    },
    "../unlode": {
      "version": "1.0.0",
      "extraneous": true,
      "license": "ISC",
      "devDependencies": {
        "tap": "^16.2.0"
      }
    },
    "node_modules/unlode": {
      "version": "1.0.0",
      "resolved": "git+ssh://git@github.com/GeekyDeaks/unlode.git#c9b60446f45bdef933fe1ac1a7f88f6916a11942",
      "license": "ISC"
    }
  },
  "dependencies": {
    "unlode": {
      "version": "git+ssh://git@github.com/GeekyDeaks/unlode.git#c9b60446f45bdef933fe1ac1a7f88f6916a11942",
      "from": "unlode@https://github.com/GeekyDeaks/unlode.git"
    }
  }
}
