{
  "name": "unlode-example",
  "version": "1.0.0",
  "lockfileVersion": 2,
  "requires": true,
  "packages": {
    "": {
      "version": "1.0.0",
      "license": "ISC",
      "dependencies": {
        "unlode": "github:GeekyDeaks/unlode"
      }
    },
    "node_modules/unlode": {
      "version": "1.0.4",
      "resolved": "git+ssh://git@github.com/GeekyDeaks/unlode.git#6ba1e5fa464c4e25df1e92c11a4f1e09981d1e15",
      "license": "ISC",
      "bin": {
        "unlode": "bin/unlode.js"
      }
    }
  },
  "dependencies": {
    "unlode": {
      "version": "git+ssh://git@github.com/GeekyDeaks/unlode.git#6ba1e5fa464c4e25df1e92c11a4f1e09981d1e15",
      "from": "unlode@https://github.com/GeekyDeaks/unlode.git"
    }
  }
}
