{
  "name": "unlode-example",
  "version": "1.0.0",
  "lockfileVersion": 2,
  "requires": true,
  "packages": {
    "": {
      "version": "1.0.0",
      "license": "ISC",
      "dependencies": {
        "unlode": "github:GeekyDeaks/unlode"
      }
    },
    "node_modules/bintrees": {
      "version": "1.0.1",
      "resolved": "https://registry.npmjs.org/bintrees/-/bintrees-1.0.1.tgz",
      "integrity": "sha512-tbaUB1QpTIj4cKY8c1rvNAvEQXA+ekzHmbe4jzNfW3QWsF9GnnP/BRWyl6/qqS53heoYJ93naaFcm/jooONH8g=="
    },
    "node_modules/tdigest": {
      "version": "0.1.1",
      "resolved": "https://registry.npmjs.org/tdigest/-/tdigest-0.1.1.tgz",
      "integrity": "sha1-Ljyyw56kSeVdHmzZEReszKRYgCE=",
      "dependencies": {
        "bintrees": "1.0.1"
      }
    },
    "node_modules/unlode": {
      "version": "1.0.5",
      "resolved": "git+ssh://git@github.com/GeekyDeaks/unlode.git#b597c03626d157bbaa59f42765b7079bd564552f",
      "license": "ISC",
      "dependencies": {
        "tdigest": "^0.1.1"
      },
      "bin": {
        "unlode": "bin/unlode.js"
      }
    }
  },
  "dependencies": {
    "bintrees": {
      "version": "1.0.1",
      "resolved": "https://registry.npmjs.org/bintrees/-/bintrees-1.0.1.tgz",
      "integrity": "sha512-tbaUB1QpTIj4cKY8c1rvNAvEQXA+ekzHmbe4jzNfW3QWsF9GnnP/BRWyl6/qqS53heoYJ93naaFcm/jooONH8g=="
    },
    "tdigest": {
      "version": "0.1.1",
      "resolved": "https://registry.npmjs.org/tdigest/-/tdigest-0.1.1.tgz",
      "integrity": "sha1-Ljyyw56kSeVdHmzZEReszKRYgCE=",
      "requires": {
        "bintrees": "1.0.1"
      }
    },
    "unlode": {
      "version": "git+ssh://git@github.com/GeekyDeaks/unlode.git#b597c03626d157bbaa59f42765b7079bd564552f",
      "from": "unlode@https://github.com/GeekyDeaks/unlode.git",
      "requires": {
        "tdigest": "^0.1.1"
      }
    }
  }
}
